
Microsoft Visual Studio Solution File, Format Version 12.00
# Visual Studio 15
Project("{FAE04EC0-301F-11D3-BF4B-00C04F79EFBC}") = "nibble.Android", "nibble.Android\nibble.Android.csproj", "{0ABB9F33-D123-48AF-9663-928D4CA08E70}"
EndProject
Project("{FAE04EC0-301F-11D3-BF4B-00C04F79EFBC}") = "nibble.iOS", "nibble.iOS\nibble.iOS.csproj", "{644F0A4F-DA12-4595-9594-A7D239D1767B}"
EndProject
Project("{FAE04EC0-301F-11D3-BF4B-00C04F79EFBC}") = "nibble.UITests", "nibble.UITests\nibble.UITests.csproj", "{174311B3-4F67-45A1-B6AA-339F77909E48}"
EndProject
Project("{FAE04EC0-301F-11D3-BF4B-00C04F79EFBC}") = "nibble", "nibble\nibble.csproj", "{98ED2C0C-519D-4598-945D-64B24655731A}"
EndProject
Project("{FAE04EC0-301F-11D3-BF4B-00C04F79EFBC}") = "nibble.UnitTests", "nibble.UnitTests\nibble.UnitTests.csproj", "{CC05A330-B714-4412-8E88-E483817A2778}"
EndProject
Global
	GlobalSection(SolutionConfigurationPlatforms) = preSolution
		Debug|Any CPU = Debug|Any CPU
		Release|Any CPU = Release|Any CPU
		Debug|iPhoneSimulator = Debug|iPhoneSimulator
		Release|iPhoneSimulator = Release|iPhoneSimulator
		Debug|iPhone = Debug|iPhone
		Release|iPhone = Release|iPhone
	EndGlobalSection
	GlobalSection(ProjectConfigurationPlatforms) = postSolution
		{0ABB9F33-D123-48AF-9663-928D4CA08E70}.Debug|Any CPU.ActiveCfg = Debug|Any CPU
		{0ABB9F33-D123-48AF-9663-928D4CA08E70}.Debug|Any CPU.Build.0 = Debug|Any CPU
		{0ABB9F33-D123-48AF-9663-928D4CA08E70}.Release|Any CPU.ActiveCfg = Release|Any CPU
		{0ABB9F33-D123-48AF-9663-928D4CA08E70}.Release|Any CPU.Build.0 = Release|Any CPU
		{0ABB9F33-D123-48AF-9663-928D4CA08E70}.Debug|iPhoneSimulator.ActiveCfg = Debug|Any CPU
		{0ABB9F33-D123-48AF-9663-928D4CA08E70}.Debug|iPhoneSimulator.Build.0 = Debug|Any CPU
		{0ABB9F33-D123-48AF-9663-928D4CA08E70}.Release|iPhoneSimulator.ActiveCfg = Release|Any CPU
		{0ABB9F33-D123-48AF-9663-928D4CA08E70}.Release|iPhoneSimulator.Build.0 = Release|Any CPU
		{0ABB9F33-D123-48AF-9663-928D4CA08E70}.Debug|iPhone.ActiveCfg = Debug|Any CPU
		{0ABB9F33-D123-48AF-9663-928D4CA08E70}.Debug|iPhone.Build.0 = Debug|Any CPU
		{0ABB9F33-D123-48AF-9663-928D4CA08E70}.Release|iPhone.ActiveCfg = Release|Any CPU
		{0ABB9F33-D123-48AF-9663-928D4CA08E70}.Release|iPhone.Build.0 = Release|Any CPU
		{644F0A4F-DA12-4595-9594-A7D239D1767B}.Debug|Any CPU.ActiveCfg = Debug|iPhoneSimulator
		{644F0A4F-DA12-4595-9594-A7D239D1767B}.Debug|Any CPU.Build.0 = Debug|iPhoneSimulator
		{644F0A4F-DA12-4595-9594-A7D239D1767B}.Release|Any CPU.ActiveCfg = Release|iPhoneSimulator
		{644F0A4F-DA12-4595-9594-A7D239D1767B}.Release|Any CPU.Build.0 = Release|iPhoneSimulator
		{644F0A4F-DA12-4595-9594-A7D239D1767B}.Debug|iPhoneSimulator.ActiveCfg = Debug|iPhoneSimulator
		{644F0A4F-DA12-4595-9594-A7D239D1767B}.Debug|iPhoneSimulator.Build.0 = Debug|iPhoneSimulator
		{644F0A4F-DA12-4595-9594-A7D239D1767B}.Release|iPhoneSimulator.ActiveCfg = Release|iPhoneSimulator
		{644F0A4F-DA12-4595-9594-A7D239D1767B}.Release|iPhoneSimulator.Build.0 = Release|iPhoneSimulator
		{644F0A4F-DA12-4595-9594-A7D239D1767B}.Debug|iPhone.ActiveCfg = Debug|iPhone
		{644F0A4F-DA12-4595-9594-A7D239D1767B}.Debug|iPhone.Build.0 = Debug|iPhone
		{644F0A4F-DA12-4595-9594-A7D239D1767B}.Release|iPhone.ActiveCfg = Release|iPhone
		{644F0A4F-DA12-4595-9594-A7D239D1767B}.Release|iPhone.Build.0 = Release|iPhone
		{174311B3-4F67-45A1-B6AA-339F77909E48}.Debug|Any CPU.ActiveCfg = Debug|Any CPU
		{174311B3-4F67-45A1-B6AA-339F77909E48}.Debug|Any CPU.Build.0 = Debug|Any CPU
		{174311B3-4F67-45A1-B6AA-339F77909E48}.Release|Any CPU.ActiveCfg = Release|Any CPU
		{174311B3-4F67-45A1-B6AA-339F77909E48}.Release|Any CPU.Build.0 = Release|Any CPU
		{174311B3-4F67-45A1-B6AA-339F77909E48}.Debug|iPhoneSimulator.ActiveCfg = Debug|Any CPU
		{174311B3-4F67-45A1-B6AA-339F77909E48}.Debug|iPhoneSimulator.Build.0 = Debug|Any CPU
		{174311B3-4F67-45A1-B6AA-339F77909E48}.Release|iPhoneSimulator.ActiveCfg = Release|Any CPU
		{174311B3-4F67-45A1-B6AA-339F77909E48}.Release|iPhoneSimulator.Build.0 = Release|Any CPU
		{174311B3-4F67-45A1-B6AA-339F77909E48}.Debug|iPhone.ActiveCfg = Debug|Any CPU
		{174311B3-4F67-45A1-B6AA-339F77909E48}.Debug|iPhone.Build.0 = Debug|Any CPU
		{174311B3-4F67-45A1-B6AA-339F77909E48}.Release|iPhone.ActiveCfg = Release|Any CPU
		{174311B3-4F67-45A1-B6AA-339F77909E48}.Release|iPhone.Build.0 = Release|Any CPU
		{98ED2C0C-519D-4598-945D-64B24655731A}.Debug|Any CPU.ActiveCfg = Debug|Any CPU
		{98ED2C0C-519D-4598-945D-64B24655731A}.Debug|Any CPU.Build.0 = Debug|Any CPU
		{98ED2C0C-519D-4598-945D-64B24655731A}.Release|Any CPU.ActiveCfg = Release|Any CPU
		{98ED2C0C-519D-4598-945D-64B24655731A}.Release|Any CPU.Build.0 = Release|Any CPU
		{98ED2C0C-519D-4598-945D-64B24655731A}.Debug|iPhoneSimulator.ActiveCfg = Debug|Any CPU
		{98ED2C0C-519D-4598-945D-64B24655731A}.Debug|iPhoneSimulator.Build.0 = Debug|Any CPU
		{98ED2C0C-519D-4598-945D-64B24655731A}.Release|iPhoneSimulator.ActiveCfg = Release|Any CPU
		{98ED2C0C-519D-4598-945D-64B24655731A}.Release|iPhoneSimulator.Build.0 = Release|Any CPU
		{98ED2C0C-519D-4598-945D-64B24655731A}.Debug|iPhone.ActiveCfg = Debug|Any CPU
		{98ED2C0C-519D-4598-945D-64B24655731A}.Debug|iPhone.Build.0 = Debug|Any CPU
		{98ED2C0C-519D-4598-945D-64B24655731A}.Release|iPhone.ActiveCfg = Release|Any CPU
		{98ED2C0C-519D-4598-945D-64B24655731A}.Release|iPhone.Build.0 = Release|Any CPU
		{CC05A330-B714-4412-8E88-E483817A2778}.Debug|Any CPU.ActiveCfg = Debug|Any CPU
		{CC05A330-B714-4412-8E88-E483817A2778}.Debug|Any CPU.Build.0 = Debug|Any CPU
		{CC05A330-B714-4412-8E88-E483817A2778}.Release|Any CPU.ActiveCfg = Release|Any CPU
		{CC05A330-B714-4412-8E88-E483817A2778}.Release|Any CPU.Build.0 = Release|Any CPU
		{CC05A330-B714-4412-8E88-E483817A2778}.Debug|iPhoneSimulator.ActiveCfg = Debug|Any CPU
		{CC05A330-B714-4412-8E88-E483817A2778}.Debug|iPhoneSimulator.Build.0 = Debug|Any CPU
		{CC05A330-B714-4412-8E88-E483817A2778}.Release|iPhoneSimulator.ActiveCfg = Release|Any CPU
		{CC05A330-B714-4412-8E88-E483817A2778}.Release|iPhoneSimulator.Build.0 = Release|Any CPU
		{CC05A330-B714-4412-8E88-E483817A2778}.Debug|iPhone.ActiveCfg = Debug|Any CPU
		{CC05A330-B714-4412-8E88-E483817A2778}.Debug|iPhone.Build.0 = Debug|Any CPU
		{CC05A330-B714-4412-8E88-E483817A2778}.Release|iPhone.ActiveCfg = Release|Any CPU
		{CC05A330-B714-4412-8E88-E483817A2778}.Release|iPhone.Build.0 = Release|Any CPU
	EndGlobalSection
EndGlobal
